
Microsoft Visual Studio Solution File, Format Version 12.00
# Visual Studio Version 17
VisualStudioVersion = 17.1.32319.34
MinimumVisualStudioVersion = 10.0.40219.1
Project("{FAE04EC0-301F-11D3-BF4B-00C04F79EFBC}") = "DSCC.CW1.10530.mvc", "DSCC.CW1.10530.mvc\DSCC.CW1.10530.mvc.csproj", "{E2E41542-C9A2-477A-9E66-221E8F5013E3}"
EndProject
Global
	GlobalSection(SolutionConfigurationPlatforms) = preSolution
		Debug|Any CPU = Debug|Any CPU
		Release|Any CPU = Release|Any CPU
	EndGlobalSection
	GlobalSection(ProjectConfigurationPlatforms) = postSolution
		{E2E41542-C9A2-477A-9E66-221E8F5013E3}.Debug|Any CPU.ActiveCfg = Debug|Any CPU
		{E2E41542-C9A2-477A-9E66-221E8F5013E3}.Debug|Any CPU.Build.0 = Debug|Any CPU
		{E2E41542-C9A2-477A-9E66-221E8F5013E3}.Release|Any CPU.ActiveCfg = Release|Any CPU
		{E2E41542-C9A2-477A-9E66-221E8F5013E3}.Release|Any CPU.Build.0 = Release|Any CPU
	EndGlobalSection
	GlobalSection(SolutionProperties) = preSolution
		HideSolutionNode = FALSE
	EndGlobalSection
	GlobalSection(ExtensibilityGlobals) = postSolution
		SolutionGuid = {7B33C6CC-06CE-43E5-B758-37F02E1A191E}
	EndGlobalSection
EndGlobal
